{
  "name": "portfolio",
  "version": "1.0.0",
  "lockfileVersion": 1,
  "requires": true,
  "dependencies": {
    "@capacitor/core": {
      "version": "3.4.3",
      "resolved": "https://registry.npmjs.org/@capacitor/core/-/core-3.4.3.tgz",
      "integrity": "sha512-drfu0IiDMyeJtL4QALQgNFqdgN19DZJkbKh945eXyK44Sk2YkFXUs7Ewq1ZlVI30QF79mHGuM13oZeki0gv5Tw==",
      "requires": {
        "tslib": "^2.1.0"
      }
    },
    "@robingenz/capacitor-android-dark-mode-support": {
      "version": "1.0.1",
      "resolved": "https://registry.npmjs.org/@robingenz/capacitor-android-dark-mode-support/-/capacitor-android-dark-mode-support-1.0.1.tgz",
      "integrity": "sha512-JayMLgSy/ZraS7ckSb1McBxFavUy25A334TZ6Xnd9FCEmhP6+0+WoZpSAlNPtl1EZbt/elKv13qxMhGCJmUZtw=="
    },
    "tslib": {
      "version": "2.3.1",
      "resolved": "https://registry.npmjs.org/tslib/-/tslib-2.3.1.tgz",
      "integrity": "sha512-77EbyPPpMz+FRFRuAFlWMtmgUWGe9UOG2Z25NqCwiIjRhOf5iKGuzSe5P2w1laq+FkRy4p+PCuVkJSGkzTEKVw=="
    }
  }
}
